
Microsoft Visual Studio Solution File, Format Version 12.00
# Visual Studio 15
VisualStudioVersion = 15.0.27703.2047
MinimumVisualStudioVersion = 10.0.40219.1
Project("{FAE04EC0-301F-11D3-BF4B-00C04F79EFBC}") = "Course", "Course\Course.csproj", "{B4E90F2A-CF46-4038-8A51-5B6902FB1187}"
EndProject
Global
	GlobalSection(SolutionConfigurationPlatforms) = preSolution
		Debug|Any CPU = Debug|Any CPU
		Release|Any CPU = Release|Any CPU
	EndGlobalSection
	GlobalSection(ProjectConfigurationPlatforms) = postSolution
		{B4E90F2A-CF46-4038-8A51-5B6902FB1187}.Debug|Any CPU.ActiveCfg = Debug|Any CPU
		{B4E90F2A-CF46-4038-8A51-5B6902FB1187}.Debug|Any CPU.Build.0 = Debug|Any CPU
		{B4E90F2A-CF46-4038-8A51-5B6902FB1187}.Release|Any CPU.ActiveCfg = Release|Any CPU
		{B4E90F2A-CF46-4038-8A51-5B6902FB1187}.Release|Any CPU.Build.0 = Release|Any CPU
	EndGlobalSection
	GlobalSection(SolutionProperties) = preSolution
		HideSolutionNode = FALSE
	EndGlobalSection
	GlobalSection(ExtensibilityGlobals) = postSolution
		SolutionGuid = {A2B57C9D-8736-4921-939B-16A7C468AB4B}
	EndGlobalSection
EndGlobal
